
Microsoft Visual Studio Solution File, Format Version 12.00
# Visual Studio 2012
Project("{6141683F-8A12-4E36-9623-2EB02B2C2303}") = "My Adobe Bridge", "My Adobe Bridge.isproj", "{0BDDA171-1BEB-43E3-A796-3345E86188ED}"
EndProject
Global
	GlobalSection(SolutionConfigurationPlatforms) = preSolution
		CD_ROM|Default = CD_ROM|Default
		DVD-5|Default = DVD-5|Default
		SingleImage|Default = SingleImage|Default
	EndGlobalSection
	GlobalSection(ProjectConfigurationPlatforms) = postSolution
		{0BDDA171-1BEB-43E3-A796-3345E86188ED}.CD_ROM|Default.ActiveCfg = CD_ROM
		{0BDDA171-1BEB-43E3-A796-3345E86188ED}.CD_ROM|Default.Build.0 = CD_ROM
		{0BDDA171-1BEB-43E3-A796-3345E86188ED}.DVD-5|Default.ActiveCfg = DVD-5
		{0BDDA171-1BEB-43E3-A796-3345E86188ED}.DVD-5|Default.Build.0 = DVD-5
		{0BDDA171-1BEB-43E3-A796-3345E86188ED}.SingleImage|Default.ActiveCfg = SingleImage
		{0BDDA171-1BEB-43E3-A796-3345E86188ED}.SingleImage|Default.Build.0 = SingleImage
	EndGlobalSection
	GlobalSection(SolutionProperties) = preSolution
		HideSolutionNode = FALSE
	EndGlobalSection
EndGlobal
